// !$*UTF8*$!
{
	archiveVersion = 1;
	classes = {
	};
	objectVersion = 45;
	objects = {

/* Begin PBXBuildFile section */
		183B54C71098B7D70024A1B4 /* MarkerLineNumberView.m in Sources */ = {isa = PBXBuildFile; fileRef = 183B54C21098B7D70024A1B4 /* MarkerLineNumberView.m */; };
		183B54C81098B7D70024A1B4 /* NoodleLineNumberMarker.m in Sources */ = {isa = PBXBuildFile; fileRef = 183B54C41098B7D70024A1B4 /* NoodleLineNumberMarker.m */; };
		183B54C91098B7D70024A1B4 /* NoodleLineNumberView.m in Sources */ = {isa = PBXBuildFile; fileRef = 183B54C61098B7D70024A1B4 /* NoodleLineNumberView.m */; };
		184873C010983E7400A15FC7 /* ConnectionView.xib in Resources */ = {isa = PBXBuildFile; fileRef = 184873BE10983E7400A15FC7 /* ConnectionView.xib */; };
		184873C110983E7400A15FC7 /* QueryView.xib in Resources */ = {isa = PBXBuildFile; fileRef = 184873BF10983E7400A15FC7 /* QueryView.xib */; };
		1870C955109857FC006AC809 /* ConnectionController.m in Sources */ = {isa = PBXBuildFile; fileRef = 1870C954109857FC006AC809 /* ConnectionController.m */; };
		1870C96010985911006AC809 /* PSMTabBarControl.framework in Frameworks */ = {isa = PBXBuildFile; fileRef = 1870C95F10985911006AC809 /* PSMTabBarControl.framework */; };
		1870C96810985940006AC809 /* PSMTabBarControl.framework in CopyFiles */ = {isa = PBXBuildFile; fileRef = 1870C95F10985911006AC809 /* PSMTabBarControl.framework */; };
		1870C9A2109859A8006AC809 /* BWToolkitFramework.framework in Frameworks */ = {isa = PBXBuildFile; fileRef = 1870C9A1109859A8006AC809 /* BWToolkitFramework.framework */; };
		1870C9D1109859AC006AC809 /* BWToolkitFramework.framework in CopyFiles */ = {isa = PBXBuildFile; fileRef = 1870C9A1109859A8006AC809 /* BWToolkitFramework.framework */; };
		1870C9E610985B2D006AC809 /* QueryController.m in Sources */ = {isa = PBXBuildFile; fileRef = 1870C9E510985B2D006AC809 /* QueryController.m */; };
		1870CA0110985E00006AC809 /* CredentialsView.xib in Resources */ = {isa = PBXBuildFile; fileRef = 1870CA0010985E00006AC809 /* CredentialsView.xib */; };
		1870CA0410985E19006AC809 /* CredentialsController.m in Sources */ = {isa = PBXBuildFile; fileRef = 1870CA0210985E19006AC809 /* CredentialsController.m */; };
		1870CA96109864E2006AC809 /* QueryController+SyntaxHighlight.m in Sources */ = {isa = PBXBuildFile; fileRef = 1870CA90109864E2006AC809 /* QueryController+SyntaxHighlight.m */; };
		1870CA97109864E2006AC809 /* NSArray+Color.m in Sources */ = {isa = PBXBuildFile; fileRef = 1870CA92109864E2006AC809 /* NSArray+Color.m */; };
		1870CA98109864E2006AC809 /* NSScanner+SkipUpToCharset.m in Sources */ = {isa = PBXBuildFile; fileRef = 1870CA94109864E2006AC809 /* NSScanner+SkipUpToCharset.m */; };
		1870CA99109864E2006AC809 /* TSQL.plist in Resources */ = {isa = PBXBuildFile; fileRef = 1870CA95109864E2006AC809 /* TSQL.plist */; };
		1870CB9610987B47006AC809 /* TdsConnection.m in Sources */ = {isa = PBXBuildFile; fileRef = 1870CB9510987B47006AC809 /* TdsConnection.m */; };
		1870CBA710987C0B006AC809 /* ColumnMetadata.m in Sources */ = {isa = PBXBuildFile; fileRef = 1870CBA510987C0B006AC809 /* ColumnMetadata.m */; };
		1870CBAB10987C38006AC809 /* libsybdb.a in Frameworks */ = {isa = PBXBuildFile; fileRef = 1870CBAA10987C38006AC809 /* libsybdb.a */; };
		1870CC0710988A1B006AC809 /* ConnectionController+DatabaseObjects.m in Sources */ = {isa = PBXBuildFile; fileRef = 1870CC0610988A1B006AC809 /* ConnectionController+DatabaseObjects.m */; };
		18AC09BB109DAEF5009BEE57 /* QueryResult.m in Sources */ = {isa = PBXBuildFile; fileRef = 18AC09BA109DAEF5009BEE57 /* QueryResult.m */; };
		1DDD58160DA1D0A300B32029 /* MainMenu.xib in Resources */ = {isa = PBXBuildFile; fileRef = 1DDD58140DA1D0A300B32029 /* MainMenu.xib */; };
		256AC3DA0F4B6AC300CF3369 /* QueriesAppDelegate.m in Sources */ = {isa = PBXBuildFile; fileRef = 256AC3D90F4B6AC300CF3369 /* QueriesAppDelegate.m */; };
		8D11072B0486CEB800E47090 /* InfoPlist.strings in Resources */ = {isa = PBXBuildFile; fileRef = 089C165CFE840E0CC02AAC07 /* InfoPlist.strings */; };
		8D11072D0486CEB800E47090 /* main.m in Sources */ = {isa = PBXBuildFile; fileRef = 29B97316FDCFA39411CA2CEA /* main.m */; settings = {ATTRIBUTES = (); }; };
		8D11072F0486CEB800E47090 /* Cocoa.framework in Frameworks */ = {isa = PBXBuildFile; fileRef = 1058C7A1FEA54F0111CA2CBB /* Cocoa.framework */; };
/* End PBXBuildFile section */

/* Begin PBXCopyFilesBuildPhase section */
		1870C98A10985964006AC809 /* CopyFiles */ = {
			isa = PBXCopyFilesBuildPhase;
			buildActionMask = 2147483647;
			dstPath = "";
			dstSubfolderSpec = 10;
			files = (
				1870C9D1109859AC006AC809 /* BWToolkitFramework.framework in CopyFiles */,
				1870C96810985940006AC809 /* PSMTabBarControl.framework in CopyFiles */,
			);
			runOnlyForDeploymentPostprocessing = 0;
		};
/* End PBXCopyFilesBuildPhase section */

/* Begin PBXFileReference section */
		089C165DFE840E0CC02AAC07 /* English */ = {isa = PBXFileReference; fileEncoding = 4; lastKnownFileType = text.plist.strings; name = English; path = English.lproj/InfoPlist.strings; sourceTree = "<group>"; };
		1058C7A1FEA54F0111CA2CBB /* Cocoa.framework */ = {isa = PBXFileReference; lastKnownFileType = wrapper.framework; name = Cocoa.framework; path = /System/Library/Frameworks/Cocoa.framework; sourceTree = "<absolute>"; };
		13E42FB307B3F0F600E4EEF1 /* CoreData.framework */ = {isa = PBXFileReference; lastKnownFileType = wrapper.framework; name = CoreData.framework; path = /System/Library/Frameworks/CoreData.framework; sourceTree = "<absolute>"; };
		183B54C11098B7D70024A1B4 /* MarkerLineNumberView.h */ = {isa = PBXFileReference; fileEncoding = 4; lastKnownFileType = sourcecode.c.h; path = MarkerLineNumberView.h; sourceTree = "<group>"; };
		183B54C21098B7D70024A1B4 /* MarkerLineNumberView.m */ = {isa = PBXFileReference; fileEncoding = 4; lastKnownFileType = sourcecode.c.objc; path = MarkerLineNumberView.m; sourceTree = "<group>"; };
		183B54C31098B7D70024A1B4 /* NoodleLineNumberMarker.h */ = {isa = PBXFileReference; fileEncoding = 4; lastKnownFileType = sourcecode.c.h; path = NoodleLineNumberMarker.h; sourceTree = "<group>"; };
		183B54C41098B7D70024A1B4 /* NoodleLineNumberMarker.m */ = {isa = PBXFileReference; fileEncoding = 4; lastKnownFileType = sourcecode.c.objc; path = NoodleLineNumberMarker.m; sourceTree = "<group>"; };
		183B54C51098B7D70024A1B4 /* NoodleLineNumberView.h */ = {isa = PBXFileReference; fileEncoding = 4; lastKnownFileType = sourcecode.c.h; path = NoodleLineNumberView.h; sourceTree = "<group>"; };
		183B54C61098B7D70024A1B4 /* NoodleLineNumberView.m */ = {isa = PBXFileReference; fileEncoding = 4; lastKnownFileType = sourcecode.c.objc; path = NoodleLineNumberView.m; sourceTree = "<group>"; };
		184873BE10983E7400A15FC7 /* ConnectionView.xib */ = {isa = PBXFileReference; lastKnownFileType = file.xib; path = ConnectionView.xib; sourceTree = "<group>"; };
		184873BF10983E7400A15FC7 /* QueryView.xib */ = {isa = PBXFileReference; lastKnownFileType = file.xib; path = QueryView.xib; sourceTree = "<group>"; };
		1870C953109857FC006AC809 /* ConnectionController.h */ = {isa = PBXFileReference; fileEncoding = 4; lastKnownFileType = sourcecode.c.h; path = ConnectionController.h; sourceTree = "<group>"; };
		1870C954109857FC006AC809 /* ConnectionController.m */ = {isa = PBXFileReference; fileEncoding = 4; lastKnownFileType = sourcecode.c.objc; path = ConnectionController.m; sourceTree = "<group>"; };
		1870C95F10985911006AC809 /* PSMTabBarControl.framework */ = {isa = PBXFileReference; lastKnownFileType = wrapper.framework; name = PSMTabBarControl.framework; path = /Users/ianic/Work/CocoaQueryAnalyzer/lib/maccode/Utilities/PSMTabBarControl/build/Release/PSMTabBarControl.framework; sourceTree = "<absolute>"; };
		1870C9A1109859A8006AC809 /* BWToolkitFramework.framework */ = {isa = PBXFileReference; lastKnownFileType = wrapper.framework; name = BWToolkitFramework.framework; path = /Users/ianic/Work/CocoaQueryAnalyzer/lib/BWToolkit/BWToolkitFramework.framework; sourceTree = "<absolute>"; };
		1870C9E410985B2D006AC809 /* QueryController.h */ = {isa = PBXFileReference; fileEncoding = 4; lastKnownFileType = sourcecode.c.h; path = QueryController.h; sourceTree = "<group>"; };
		1870C9E510985B2D006AC809 /* QueryController.m */ = {isa = PBXFileReference; fileEncoding = 4; lastKnownFileType = sourcecode.c.objc; path = QueryController.m; sourceTree = "<group>"; };
		1870CA0010985E00006AC809 /* CredentialsView.xib */ = {isa = PBXFileReference; lastKnownFileType = file.xib; path = CredentialsView.xib; sourceTree = "<group>"; };
		1870CA0210985E19006AC809 /* CredentialsController.m */ = {isa = PBXFileReference; fileEncoding = 4; lastKnownFileType = sourcecode.c.objc; path = CredentialsController.m; sourceTree = "<group>"; };
		1870CA0310985E19006AC809 /* CredentialsController.h */ = {isa = PBXFileReference; fileEncoding = 4; lastKnownFileType = sourcecode.c.h; path = CredentialsController.h; sourceTree = "<group>"; };
		1870CA90109864E2006AC809 /* QueryController+SyntaxHighlight.m */ = {isa = PBXFileReference; fileEncoding = 4; lastKnownFileType = sourcecode.c.objc; path = "QueryController+SyntaxHighlight.m"; sourceTree = "<group>"; };
		1870CA91109864E2006AC809 /* NSArray+Color.h */ = {isa = PBXFileReference; fileEncoding = 4; lastKnownFileType = sourcecode.c.h; path = "NSArray+Color.h"; sourceTree = "<group>"; };
		1870CA92109864E2006AC809 /* NSArray+Color.m */ = {isa = PBXFileReference; fileEncoding = 4; lastKnownFileType = sourcecode.c.objc; path = "NSArray+Color.m"; sourceTree = "<group>"; };
		1870CA93109864E2006AC809 /* NSScanner+SkipUpToCharset.h */ = {isa = PBXFileReference; fileEncoding = 4; lastKnownFileType = sourcecode.c.h; path = "NSScanner+SkipUpToCharset.h"; sourceTree = "<group>"; };
		1870CA94109864E2006AC809 /* NSScanner+SkipUpToCharset.m */ = {isa = PBXFileReference; fileEncoding = 4; lastKnownFileType = sourcecode.c.objc; path = "NSScanner+SkipUpToCharset.m"; sourceTree = "<group>"; };
		1870CA95109864E2006AC809 /* TSQL.plist */ = {isa = PBXFileReference; fileEncoding = 4; lastKnownFileType = text.plist.xml; name = TSQL.plist; path = SyntaxHighlight/TSQL.plist; sourceTree = "<group>"; };
		1870CB9410987B47006AC809 /* TdsConnection.h */ = {isa = PBXFileReference; fileEncoding = 4; lastKnownFileType = sourcecode.c.h; path = TdsConnection.h; sourceTree = "<group>"; };
		1870CB9510987B47006AC809 /* TdsConnection.m */ = {isa = PBXFileReference; fileEncoding = 4; lastKnownFileType = sourcecode.c.objc; path = TdsConnection.m; sourceTree = "<group>"; };
		1870CBA510987C0B006AC809 /* ColumnMetadata.m */ = {isa = PBXFileReference; fileEncoding = 4; lastKnownFileType = sourcecode.c.objc; path = ColumnMetadata.m; sourceTree = "<group>"; };
		1870CBA610987C0B006AC809 /* ColumnMetadata.h */ = {isa = PBXFileReference; fileEncoding = 4; lastKnownFileType = sourcecode.c.h; path = ColumnMetadata.h; sourceTree = "<group>"; };
		1870CBAA10987C38006AC809 /* libsybdb.a */ = {isa = PBXFileReference; explicitFileType = archive.ar; name = libsybdb.a; path = ../../lib/libsybdb.a; sourceTree = "<group>"; };
		1870CC0610988A1B006AC809 /* ConnectionController+DatabaseObjects.m */ = {isa = PBXFileReference; fileEncoding = 4; lastKnownFileType = sourcecode.c.objc; path = "ConnectionController+DatabaseObjects.m"; sourceTree = "<group>"; };
		18AC09B9109DAEF5009BEE57 /* QueryResult.h */ = {isa = PBXFileReference; fileEncoding = 4; lastKnownFileType = sourcecode.c.h; path = QueryResult.h; sourceTree = "<group>"; };
		18AC09BA109DAEF5009BEE57 /* QueryResult.m */ = {isa = PBXFileReference; fileEncoding = 4; lastKnownFileType = sourcecode.c.objc; path = QueryResult.m; sourceTree = "<group>"; };
		1DDD58150DA1D0A300B32029 /* English */ = {isa = PBXFileReference; lastKnownFileType = file.xib; name = English; path = English.lproj/MainMenu.xib; sourceTree = "<group>"; };
		256AC3D80F4B6AC300CF3369 /* QueriesAppDelegate.h */ = {isa = PBXFileReference; fileEncoding = 4; lastKnownFileType = sourcecode.c.h; path = QueriesAppDelegate.h; sourceTree = "<group>"; };
		256AC3D90F4B6AC300CF3369 /* QueriesAppDelegate.m */ = {isa = PBXFileReference; fileEncoding = 4; lastKnownFileType = sourcecode.c.objc; path = QueriesAppDelegate.m; sourceTree = "<group>"; };
		256AC3F00F4B6AF500CF3369 /* Queries_Prefix.pch */ = {isa = PBXFileReference; fileEncoding = 4; lastKnownFileType = sourcecode.c.h; path = Queries_Prefix.pch; sourceTree = "<group>"; };
		29B97316FDCFA39411CA2CEA /* main.m */ = {isa = PBXFileReference; fileEncoding = 4; lastKnownFileType = sourcecode.c.objc; path = main.m; sourceTree = "<group>"; };
		29B97324FDCFA39411CA2CEA /* AppKit.framework */ = {isa = PBXFileReference; lastKnownFileType = wrapper.framework; name = AppKit.framework; path = /System/Library/Frameworks/AppKit.framework; sourceTree = "<absolute>"; };
		29B97325FDCFA39411CA2CEA /* Foundation.framework */ = {isa = PBXFileReference; lastKnownFileType = wrapper.framework; name = Foundation.framework; path = /System/Library/Frameworks/Foundation.framework; sourceTree = "<absolute>"; };
		8D1107310486CEB800E47090 /* Queries-Info.plist */ = {isa = PBXFileReference; fileEncoding = 4; lastKnownFileType = text.plist.xml; path = "Queries-Info.plist"; sourceTree = "<group>"; };
		8D1107320486CEB800E47090 /* Queries.app */ = {isa = PBXFileReference; explicitFileType = wrapper.application; includeInIndex = 0; path = Queries.app; sourceTree = BUILT_PRODUCTS_DIR; };
/* End PBXFileReference section */

/* Begin PBXFrameworksBuildPhase section */
		8D11072E0486CEB800E47090 /* Frameworks */ = {
			isa = PBXFrameworksBuildPhase;
			buildActionMask = 2147483647;
			files = (
				8D11072F0486CEB800E47090 /* Cocoa.framework in Frameworks */,
				1870C96010985911006AC809 /* PSMTabBarControl.framework in Frameworks */,
				1870C9A2109859A8006AC809 /* BWToolkitFramework.framework in Frameworks */,
				1870CBAB10987C38006AC809 /* libsybdb.a in Frameworks */,
			);
			runOnlyForDeploymentPostprocessing = 0;
		};
/* End PBXFrameworksBuildPhase section */

/* Begin PBXGroup section */
		080E96DDFE201D6D7F000001 /* Classes */ = {
			isa = PBXGroup;
			children = (
				183B54C01098B7D70024A1B4 /* LineNumbering */,
				1870CA8E109864E2006AC809 /* SyntaxHighlight */,
				1870CBA510987C0B006AC809 /* ColumnMetadata.m */,
				1870CBA610987C0B006AC809 /* ColumnMetadata.h */,
				1870CA0210985E19006AC809 /* CredentialsController.m */,
				1870CA0310985E19006AC809 /* CredentialsController.h */,
				256AC3D80F4B6AC300CF3369 /* QueriesAppDelegate.h */,
				256AC3D90F4B6AC300CF3369 /* QueriesAppDelegate.m */,
				1870C953109857FC006AC809 /* ConnectionController.h */,
				1870C954109857FC006AC809 /* ConnectionController.m */,
				1870CC0610988A1B006AC809 /* ConnectionController+DatabaseObjects.m */,
				1870C9E410985B2D006AC809 /* QueryController.h */,
				1870C9E510985B2D006AC809 /* QueryController.m */,
				1870CB9410987B47006AC809 /* TdsConnection.h */,
				1870CB9510987B47006AC809 /* TdsConnection.m */,
				18AC09B9109DAEF5009BEE57 /* QueryResult.h */,
				18AC09BA109DAEF5009BEE57 /* QueryResult.m */,
			);
			name = Classes;
			sourceTree = "<group>";
		};
		1058C7A0FEA54F0111CA2CBB /* Linked Frameworks */ = {
			isa = PBXGroup;
			children = (
				1870CBAA10987C38006AC809 /* libsybdb.a */,
				1058C7A1FEA54F0111CA2CBB /* Cocoa.framework */,
				1870C95F10985911006AC809 /* PSMTabBarControl.framework */,
				1870C9A1109859A8006AC809 /* BWToolkitFramework.framework */,
			);
			name = "Linked Frameworks";
			sourceTree = "<group>";
		};
		1058C7A2FEA54F0111CA2CBB /* Other Frameworks */ = {
			isa = PBXGroup;
			children = (
				29B97324FDCFA39411CA2CEA /* AppKit.framework */,
				13E42FB307B3F0F600E4EEF1 /* CoreData.framework */,
				29B97325FDCFA39411CA2CEA /* Foundation.framework */,
			);
			name = "Other Frameworks";
			sourceTree = "<group>";
		};
		183B54C01098B7D70024A1B4 /* LineNumbering */ = {
			isa = PBXGroup;
			children = (
				183B54C11098B7D70024A1B4 /* MarkerLineNumberView.h */,
				183B54C21098B7D70024A1B4 /* MarkerLineNumberView.m */,
				183B54C31098B7D70024A1B4 /* NoodleLineNumberMarker.h */,
				183B54C41098B7D70024A1B4 /* NoodleLineNumberMarker.m */,
				183B54C51098B7D70024A1B4 /* NoodleLineNumberView.h */,
				183B54C61098B7D70024A1B4 /* NoodleLineNumberView.m */,
			);
			path = LineNumbering;
			sourceTree = "<group>";
		};
		1870CA8E109864E2006AC809 /* SyntaxHighlight */ = {
			isa = PBXGroup;
			children = (
				1870CA90109864E2006AC809 /* QueryController+SyntaxHighlight.m */,
				1870CA91109864E2006AC809 /* NSArray+Color.h */,
				1870CA92109864E2006AC809 /* NSArray+Color.m */,
				1870CA93109864E2006AC809 /* NSScanner+SkipUpToCharset.h */,
				1870CA94109864E2006AC809 /* NSScanner+SkipUpToCharset.m */,
			);
			path = SyntaxHighlight;
			sourceTree = "<group>";
		};
		19C28FACFE9D520D11CA2CBB /* Products */ = {
			isa = PBXGroup;
			children = (
				8D1107320486CEB800E47090 /* Queries.app */,
			);
			name = Products;
			sourceTree = "<group>";
		};
		29B97314FDCFA39411CA2CEA /* Queries */ = {
			isa = PBXGroup;
			children = (
				080E96DDFE201D6D7F000001 /* Classes */,
				29B97315FDCFA39411CA2CEA /* Other Sources */,
				29B97317FDCFA39411CA2CEA /* Resources */,
				29B97323FDCFA39411CA2CEA /* Frameworks */,
				19C28FACFE9D520D11CA2CBB /* Products */,
			);
			name = Queries;
			sourceTree = "<group>";
		};
		29B97315FDCFA39411CA2CEA /* Other Sources */ = {
			isa = PBXGroup;
			children = (
				256AC3F00F4B6AF500CF3369 /* Queries_Prefix.pch */,
				29B97316FDCFA39411CA2CEA /* main.m */,
			);
			name = "Other Sources";
			sourceTree = "<group>";
		};
		29B97317FDCFA39411CA2CEA /* Resources */ = {
			isa = PBXGroup;
			children = (
				1870CA95109864E2006AC809 /* TSQL.plist */,
				1870CA0010985E00006AC809 /* CredentialsView.xib */,
				184873BE10983E7400A15FC7 /* ConnectionView.xib */,
				184873BF10983E7400A15FC7 /* QueryView.xib */,
				8D1107310486CEB800E47090 /* Queries-Info.plist */,
				089C165CFE840E0CC02AAC07 /* InfoPlist.strings */,
				1DDD58140DA1D0A300B32029 /* MainMenu.xib */,
			);
			name = Resources;
			sourceTree = "<group>";
		};
		29B97323FDCFA39411CA2CEA /* Frameworks */ = {
			isa = PBXGroup;
			children = (
				1058C7A0FEA54F0111CA2CBB /* Linked Frameworks */,
				1058C7A2FEA54F0111CA2CBB /* Other Frameworks */,
			);
			name = Frameworks;
			sourceTree = "<group>";
		};
/* End PBXGroup section */

/* Begin PBXNativeTarget section */
		8D1107260486CEB800E47090 /* Queries */ = {
			isa = PBXNativeTarget;
			buildConfigurationList = C01FCF4A08A954540054247B /* Build configuration list for PBXNativeTarget "Queries" */;
			buildPhases = (
				8D1107290486CEB800E47090 /* Resources */,
				8D11072C0486CEB800E47090 /* Sources */,
				8D11072E0486CEB800E47090 /* Frameworks */,
				1870C98A10985964006AC809 /* CopyFiles */,
			);
			buildRules = (
			);
			dependencies = (
			);
			name = Queries;
			productInstallPath = "$(HOME)/Applications";
			productName = Queries;
			productReference = 8D1107320486CEB800E47090 /* Queries.app */;
			productType = "com.apple.product-type.application";
		};
/* End PBXNativeTarget section */

/* Begin PBXProject section */
		29B97313FDCFA39411CA2CEA /* Project object */ = {
			isa = PBXProject;
			buildConfigurationList = C01FCF4E08A954540054247B /* Build configuration list for PBXProject "Queries" */;
			compatibilityVersion = "Xcode 3.1";
			hasScannedForEncodings = 1;
			mainGroup = 29B97314FDCFA39411CA2CEA /* Queries */;
			projectDirPath = "";
			projectRoot = "";
			targets = (
				8D1107260486CEB800E47090 /* Queries */,
			);
		};
/* End PBXProject section */

/* Begin PBXResourcesBuildPhase section */
		8D1107290486CEB800E47090 /* Resources */ = {
			isa = PBXResourcesBuildPhase;
			buildActionMask = 2147483647;
			files = (
				8D11072B0486CEB800E47090 /* InfoPlist.strings in Resources */,
				1DDD58160DA1D0A300B32029 /* MainMenu.xib in Resources */,
				184873C010983E7400A15FC7 /* ConnectionView.xib in Resources */,
				184873C110983E7400A15FC7 /* QueryView.xib in Resources */,
				1870CA0110985E00006AC809 /* CredentialsView.xib in Resources */,
				1870CA99109864E2006AC809 /* TSQL.plist in Resources */,
			);
			runOnlyForDeploymentPostprocessing = 0;
		};
/* End PBXResourcesBuildPhase section */

/* Begin PBXSourcesBuildPhase section */
		8D11072C0486CEB800E47090 /* Sources */ = {
			isa = PBXSourcesBuildPhase;
			buildActionMask = 2147483647;
			files = (
				8D11072D0486CEB800E47090 /* main.m in Sources */,
				256AC3DA0F4B6AC300CF3369 /* QueriesAppDelegate.m in Sources */,
				1870C955109857FC006AC809 /* ConnectionController.m in Sources */,
				1870C9E610985B2D006AC809 /* QueryController.m in Sources */,
				1870CA0410985E19006AC809 /* CredentialsController.m in Sources */,
				1870CA96109864E2006AC809 /* QueryController+SyntaxHighlight.m in Sources */,
				1870CA97109864E2006AC809 /* NSArray+Color.m in Sources */,
				1870CA98109864E2006AC809 /* NSScanner+SkipUpToCharset.m in Sources */,
				1870CB9610987B47006AC809 /* TdsConnection.m in Sources */,
				1870CBA710987C0B006AC809 /* ColumnMetadata.m in Sources */,
				1870CC0710988A1B006AC809 /* ConnectionController+DatabaseObjects.m in Sources */,
				183B54C71098B7D70024A1B4 /* MarkerLineNumberView.m in Sources */,
				183B54C81098B7D70024A1B4 /* NoodleLineNumberMarker.m in Sources */,
				183B54C91098B7D70024A1B4 /* NoodleLineNumberView.m in Sources */,
				18AC09BB109DAEF5009BEE57 /* QueryResult.m in Sources */,
			);
			runOnlyForDeploymentPostprocessing = 0;
		};
/* End PBXSourcesBuildPhase section */

/* Begin PBXVariantGroup section */
		089C165CFE840E0CC02AAC07 /* InfoPlist.strings */ = {
			isa = PBXVariantGroup;
			children = (
				089C165DFE840E0CC02AAC07 /* English */,
			);
			name = InfoPlist.strings;
			sourceTree = "<group>";
		};
		1DDD58140DA1D0A300B32029 /* MainMenu.xib */ = {
			isa = PBXVariantGroup;
			children = (
				1DDD58150DA1D0A300B32029 /* English */,
			);
			name = MainMenu.xib;
			sourceTree = "<group>";
		};
/* End PBXVariantGroup section */

/* Begin XCBuildConfiguration section */
		C01FCF4B08A954540054247B /* Debug */ = {
			isa = XCBuildConfiguration;
			buildSettings = {
				ALWAYS_SEARCH_USER_PATHS = NO;
				COPY_PHASE_STRIP = NO;
				FRAMEWORK_SEARCH_PATHS = (
					"$(inherited)",
					"\"$(SRCROOT)/../../lib/maccode/Utilities/PSMTabBarControl/build/Release\"",
					"\"$(SRCROOT)/../../lib/BWToolkit\"",
				);
				GCC_DYNAMIC_NO_PIC = NO;
				GCC_ENABLE_FIX_AND_CONTINUE = YES;
				GCC_MODEL_TUNING = G5;
				GCC_OPTIMIZATION_LEVEL = 0;
				GCC_PRECOMPILE_PREFIX_HEADER = YES;
				GCC_PREFIX_HEADER = Queries_Prefix.pch;
				INFOPLIST_FILE = "Queries-Info.plist";
				INSTALL_PATH = "$(HOME)/Applications";
				LIBRARY_SEARCH_PATHS = (
					"$(inherited)",
					"\"$(SRCROOT)/../../lib\"",
				);
				PRODUCT_NAME = Queries;
			};
			name = Debug;
		};
		C01FCF4C08A954540054247B /* Release */ = {
			isa = XCBuildConfiguration;
			buildSettings = {
				ALWAYS_SEARCH_USER_PATHS = NO;
				DEBUG_INFORMATION_FORMAT = "dwarf-with-dsym";
				FRAMEWORK_SEARCH_PATHS = (
					"$(inherited)",
					"\"$(SRCROOT)/../../lib/maccode/Utilities/PSMTabBarControl/build/Release\"",
					"\"$(SRCROOT)/../../lib/BWToolkit\"",
				);
				GCC_MODEL_TUNING = G5;
				GCC_PRECOMPILE_PREFIX_HEADER = YES;
				GCC_PREFIX_HEADER = Queries_Prefix.pch;
				INFOPLIST_FILE = "Queries-Info.plist";
				INSTALL_PATH = "$(HOME)/Applications";
				LIBRARY_SEARCH_PATHS = (
					"$(inherited)",
					"\"$(SRCROOT)/../../lib\"",
				);
				PRODUCT_NAME = Queries;
			};
			name = Release;
		};
		C01FCF4F08A954540054247B /* Debug */ = {
			isa = XCBuildConfiguration;
			buildSettings = {
				ARCHS = "$(ARCHS_STANDARD_32_64_BIT)";
				GCC_C_LANGUAGE_STANDARD = gnu99;
				GCC_ENABLE_OBJC_GC = unsupported;
				GCC_OPTIMIZATION_LEVEL = 0;
				GCC_WARN_ABOUT_RETURN_TYPE = YES;
				GCC_WARN_UNUSED_VARIABLE = YES;
				HEADER_SEARCH_PATHS = /usr/local/include;
				ONLY_ACTIVE_ARCH = YES;
				PREBINDING = NO;
				SDKROOT = macosx10.6;
			};
			name = Debug;
		};
		C01FCF5008A954540054247B /* Release */ = {
			isa = XCBuildConfiguration;
			buildSettings = {
				ARCHS = "$(ARCHS_STANDARD_64_BIT)";
				GCC_C_LANGUAGE_STANDARD = gnu99;
				GCC_WARN_ABOUT_RETURN_TYPE = YES;
				GCC_WARN_UNUSED_VARIABLE = YES;
				HEADER_SEARCH_PATHS = /usr/local/include;
				ONLY_ACTIVE_ARCH = YES;
				PREBINDING = NO;
				SDKROOT = macosx10.6;
			};
			name = Release;
		};
/* End XCBuildConfiguration section */

/* Begin XCConfigurationList section */
		C01FCF4A08A954540054247B /* Build configuration list for PBXNativeTarget "Queries" */ = {
			isa = XCConfigurationList;
			buildConfigurations = (
				C01FCF4B08A954540054247B /* Debug */,
				C01FCF4C08A954540054247B /* Release */,
			);
			defaultConfigurationIsVisible = 0;
			defaultConfigurationName = Release;
		};
		C01FCF4E08A954540054247B /* Build configuration list for PBXProject "Queries" */ = {
			isa = XCConfigurationList;
			buildConfigurations = (
				C01FCF4F08A954540054247B /* Debug */,
				C01FCF5008A954540054247B /* Release */,
			);
			defaultConfigurationIsVisible = 0;
			defaultConfigurationName = Release;
		};
/* End XCConfigurationList section */
	};
	rootObject = 29B97313FDCFA39411CA2CEA /* Project object */;
}
